{
  "name": "shell-tag",
  "version": "1.0.2",
  "lockfileVersion": 1,
  "requires": true,
  "dependencies": {
    "@babel/runtime": {
      "version": "7.0.0-beta.52",
      "resolved": "https://registry.npmjs.org/@babel/runtime/-/runtime-7.0.0-beta.52.tgz",
      "integrity": "sha1-PztCuCuStOGig/x43xuy/Uuo0Mc=",
      "requires": {
        "core-js": "2.5.7",
        "regenerator-runtime": "0.12.0"
      }
    },
    "any-shell-escape": {
      "version": "0.1.1",
      "resolved": "https://registry.npmjs.org/any-shell-escape/-/any-shell-escape-0.1.1.tgz",
      "integrity": "sha1-1Vq5ciRMcaml4asIefML8RCAaVk="
    },
    "balanced-match": {
      "version": "0.4.1",
      "resolved": "https://registry.npmjs.org/balanced-match/-/balanced-match-0.4.1.tgz",
      "integrity": "sha1-GQU+LgdI6ts3nabAnUVc9eEDkzU=",
      "dev": true
    },
    "brace-expansion": {
      "version": "1.1.5",
      "resolved": "https://registry.npmjs.org/brace-expansion/-/brace-expansion-1.1.5.tgz",
      "integrity": "sha1-9bStV04st8zB64Pm/nm47K33pSY=",
      "dev": true,
      "requires": {
        "balanced-match": "0.4.1",
        "concat-map": "0.0.1"
      }
    },
    "concat-map": {
      "version": "0.0.1",
      "resolved": "http://127.0.0.1:5080/tarballs/concat-map/0.0.1.tgz",
      "integrity": "sha1-2Klr13/Wjfd5OnMDajug1UBdR3s=",
      "dev": true
    },
    "core-js": {
      "version": "2.5.7",
      "resolved": "https://registry.npmjs.org/core-js/-/core-js-2.5.7.tgz",
      "integrity": "sha512-RszJCAxg/PP6uzXVXL6BsxSXx/B05oJAQ2vkJRjyjrEcNVycaqOmNb5OTxZPE3xa5gwZduqza6L9JOCenh/Ecw=="
    },
    "deep-equal": {
      "version": "1.0.1",
      "resolved": "http://127.0.0.1:5080/tarballs/deep-equal/1.0.1.tgz",
      "integrity": "sha1-9dJgKStmDghO/0zbyfCK0yR0SLU=",
      "dev": true
    },
    "define-properties": {
      "version": "1.1.2",
      "resolved": "http://127.0.0.1:5080/tarballs/define-properties/1.1.2.tgz",
      "integrity": "sha1-g6c/L+pWmJj7c3GTyPhzyvbUXJQ=",
      "dev": true,
      "requires": {
        "foreach": "2.0.5",
        "object-keys": "1.0.9"
      }
    },
    "defined": {
      "version": "1.0.0",
      "resolved": "http://127.0.0.1:5080/tarballs/defined/1.0.0.tgz",
      "integrity": "sha1-yY2bzvdWdBiOEQlpFRGZ45sfppM=",
      "dev": true
    },
    "es-abstract": {
      "version": "1.5.1",
      "resolved": "https://registry.npmjs.org/es-abstract/-/es-abstract-1.5.1.tgz",
      "integrity": "sha1-8L+Wvqdha7lAvOpPUn4x+y7h8io=",
      "dev": true,
      "requires": {
        "es-to-primitive": "1.1.1",
        "function-bind": "1.1.0",
        "is-callable": "1.1.3",
        "is-regex": "1.0.3"
      }
    },
    "es-to-primitive": {
      "version": "1.1.1",
      "resolved": "http://127.0.0.1:5080/tarballs/es-to-primitive/1.1.1.tgz",
      "integrity": "sha1-RTVSSKiJeQNLZ5Lhm7gfK3l13Q0=",
      "dev": true,
      "requires": {
        "is-callable": "1.1.3",
        "is-date-object": "1.0.1",
        "is-symbol": "1.0.1"
      }
    },
    "foreach": {
      "version": "2.0.5",
      "resolved": "http://127.0.0.1:5080/tarballs/foreach/2.0.5.tgz",
      "integrity": "sha1-C+4AUBiusmDQo6865ljdATbsG5k=",
      "dev": true
    },
    "fs.realpath": {
      "version": "1.0.0",
      "resolved": "https://registry.npmjs.org/fs.realpath/-/fs.realpath-1.0.0.tgz",
      "integrity": "sha1-FQStJSMVjKpA20onh8sBQRmU6k8=",
      "dev": true
    },
    "function-bind": {
      "version": "1.1.0",
      "resolved": "http://127.0.0.1:5080/tarballs/function-bind/1.1.0.tgz",
      "integrity": "sha1-FhdnFMgBeY5Ojyz391KUZ7tKV3E=",
      "dev": true
    },
    "glob": {
      "version": "7.0.4",
      "resolved": "https://registry.npmjs.org/glob/-/glob-7.0.4.tgz",
      "integrity": "sha1-O0SvoJQ73DGyA3uTR5Hi4IS8t/Y=",
      "dev": true,
      "requires": {
        "fs.realpath": "1.0.0",
        "inflight": "1.0.5",
        "inherits": "2.0.1",
        "minimatch": "3.0.0",
        "once": "1.3.3",
        "path-is-absolute": "1.0.0"
      }
    },
    "has": {
      "version": "1.0.1",
      "resolved": "http://127.0.0.1:5080/tarballs/has/1.0.1.tgz",
      "integrity": "sha1-hGFzP1OLCDfJNh45qauelwTcLyg=",
      "dev": true,
      "requires": {
        "function-bind": "1.1.0"
      }
    },
    "inflight": {
      "version": "1.0.5",
      "resolved": "https://registry.npmjs.org/inflight/-/inflight-1.0.5.tgz",
      "integrity": "sha1-2zIEzVqd4ubNiQuFxuL2a89PYgo=",
      "dev": true,
      "requires": {
        "once": "1.3.3",
        "wrappy": "1.0.2"
      }
    },
    "inherits": {
      "version": "2.0.1",
      "resolved": "http://127.0.0.1:5080/tarballs/inherits/2.0.1.tgz",
      "integrity": "sha1-sX0I0ya0Qj5Wjv9xn5GwscvfafE=",
      "dev": true
    },
    "inspect-custom-symbol": {
      "version": "1.1.0",
      "resolved": "https://registry.npmjs.org/inspect-custom-symbol/-/inspect-custom-symbol-1.1.0.tgz",
      "integrity": "sha512-vtI2YXBRZBkU6DlfHfd0GtZENfiEiTacAXUd0ZY6HA+X7aPznpFfPmzSC+tHKXAkz9KDSdI4AYfwAMXR5t+isg=="
    },
    "is-callable": {
      "version": "1.1.3",
      "resolved": "http://127.0.0.1:5080/tarballs/is-callable/1.1.3.tgz",
      "integrity": "sha1-hut1OSgF3cM69xySoO7fdO52BLI=",
      "dev": true
    },
    "is-date-object": {
      "version": "1.0.1",
      "resolved": "http://127.0.0.1:5080/tarballs/is-date-object/1.0.1.tgz",
      "integrity": "sha1-mqIOtq7rv/d/vTPnTKAbM1gdOhY=",
      "dev": true
    },
    "is-regex": {
      "version": "1.0.3",
      "resolved": "http://127.0.0.1:5080/tarballs/is-regex/1.0.3.tgz",
      "integrity": "sha1-DVUYK9358v3ieCIK7Dp1ZCyQhjc=",
      "dev": true
    },
    "is-symbol": {
      "version": "1.0.1",
      "resolved": "http://127.0.0.1:5080/tarballs/is-symbol/1.0.1.tgz",
      "integrity": "sha1-PMWfAAJRlLarLjjbrmaJJWtmBXI=",
      "dev": true
    },
    "lodash": {
      "version": "4.17.10",
      "resolved": "https://registry.npmjs.org/lodash/-/lodash-4.17.10.tgz",
      "integrity": "sha512-UejweD1pDoXu+AD825lWwp4ZGtSwgnpZxb3JDViD7StjQz+Nb/6l093lx4OQ0foGWNRoc19mWy7BzL+UAK2iVg=="
    },
    "minimatch": {
      "version": "3.0.0",
      "resolved": "http://127.0.0.1:5080/tarballs/minimatch/3.0.0.tgz",
      "integrity": "sha1-UjYVelHk8ATBd/s8Un/33Xjw74M=",
      "dev": true,
      "requires": {
        "brace-expansion": "1.1.5"
      }
    },
    "minimist": {
      "version": "1.2.0",
      "resolved": "http://127.0.0.1:5080/tarballs/minimist/1.2.0.tgz",
      "integrity": "sha1-o1AIsg9BOD7sH7kU9M1d95omQoQ=",
      "dev": true
    },
    "object-inspect": {
      "version": "1.1.0",
      "resolved": "http://127.0.0.1:5080/tarballs/object-inspect/1.1.0.tgz",
      "integrity": "sha1-NLymRKgPlPi6QaD50JhOr2Os8U0=",
      "dev": true
    },
    "object-keys": {
      "version": "1.0.9",
      "resolved": "http://127.0.0.1:5080/tarballs/object-keys/1.0.9.tgz",
      "integrity": "sha1-yrsSAtmnrym1Dt+s6AlLtG2l6iE=",
      "dev": true
    },
    "once": {
      "version": "1.3.3",
      "resolved": "http://127.0.0.1:5080/tarballs/once/1.3.3.tgz",
      "integrity": "sha1-suJhVXzkwxTsgwTz+oJmPkKXyiA=",
      "dev": true,
      "requires": {
        "wrappy": "1.0.2"
      }
    },
    "path-is-absolute": {
      "version": "1.0.0",
      "resolved": "http://127.0.0.1:5080/tarballs/path-is-absolute/1.0.0.tgz",
      "integrity": "sha1-Jj2tpmqz8vsQv3+dJN2PPlcO+RI=",
      "dev": true
    },
    "regenerator-runtime": {
      "version": "0.12.0",
      "resolved": "https://registry.npmjs.org/regenerator-runtime/-/regenerator-runtime-0.12.0.tgz",
      "integrity": "sha512-SpV2LhF5Dm9UYMEprB3WwsBnWwqTrmjrm2UZb42cl2G02WVGgx7Mg8aa9pdLEKp6hZ+/abcMc2NxKA8f02EG2w=="
    },
    "resolve": {
      "version": "1.1.7",
      "resolved": "http://127.0.0.1:5080/tarballs/resolve/1.1.7.tgz",
      "integrity": "sha1-IDEU2CrSxe2ejgQRs5ModeiJ6Xs=",
      "dev": true
    },
    "resumer": {
      "version": "0.0.0",
      "resolved": "http://127.0.0.1:5080/tarballs/resumer/0.0.0.tgz",
      "integrity": "sha1-8ej0YeQGS6Oegq883CqMiT0HZ1k=",
      "dev": true,
      "requires": {
        "through": "2.3.8"
      }
    },
    "shell-escape-tag": {
      "version": "1.2.1",
      "resolved": "https://registry.npmjs.org/shell-escape-tag/-/shell-escape-tag-1.2.1.tgz",
      "integrity": "sha512-B1FFA/mAARulHDqpp9KzyHfnc2IgRLIs0hJW7Jxvj53qmKKWUtOJN72QtG/0kG05szFypQd3exzZPSHu3gzS4Q==",
      "requires": {
        "@babel/runtime": "7.0.0-beta.52",
        "any-shell-escape": "0.1.1",
        "inspect-custom-symbol": "1.1.0",
        "lodash": "4.17.10"
      }
    },
    "string.prototype.trim": {
      "version": "1.1.2",
      "resolved": "http://127.0.0.1:5080/tarballs/string.prototype.trim/1.1.2.tgz",
      "integrity": "sha1-0E3iyJ4Tf019IG8Ia17S+ua+jOo=",
      "dev": true,
      "requires": {
        "define-properties": "1.1.2",
        "es-abstract": "1.5.1",
        "function-bind": "1.1.0"
      }
    },
    "tape": {
      "version": "4.5.1",
      "resolved": "http://127.0.0.1:5080/tarballs/tape/4.5.1.tgz",
      "integrity": "sha1-K7PqGb3J9SJSF7P5fL95hsxMbow=",
      "dev": true,
      "requires": {
        "deep-equal": "1.0.1",
        "defined": "1.0.0",
        "function-bind": "1.1.0",
        "glob": "7.0.4",
        "has": "1.0.1",
        "inherits": "2.0.1",
        "minimist": "1.2.0",
        "object-inspect": "1.1.0",
        "resolve": "1.1.7",
        "resumer": "0.0.0",
        "string.prototype.trim": "1.1.2",
        "through": "2.3.8"
      }
    },
    "through": {
      "version": "2.3.8",
      "resolved": "http://127.0.0.1:5080/tarballs/through/2.3.8.tgz",
      "integrity": "sha1-DdTJ/6q8NXlgsbckEV1+Doai4fU=",
      "dev": true
    },
    "wrappy": {
      "version": "1.0.2",
      "resolved": "https://registry.npmjs.org/wrappy/-/wrappy-1.0.2.tgz",
      "integrity": "sha1-tSQ9jz7BqjXxNkYFvA0QNuMKtp8=",
      "dev": true
    }
  }
}
