{
  "name": "shell-tag",
  "version": "1.0.4",
  "lockfileVersion": 1,
  "requires": true,
  "dependencies": {
    "@tehshrike/shell-escape-tag": {
      "version": "1.2.2",
      "resolved": "https://registry.npmjs.org/@tehshrike/shell-escape-tag/-/shell-escape-tag-1.2.2.tgz",
      "integrity": "sha512-n4po2smkOF+DSdnzRwWF/5CCrHF/HJ4VwW8XZbrn+4DnS1bsIVygxls+Xs26oei/ZBXLzUowrH+O7i3UeJLfRA==",
      "requires": {
        "any-shell-escape": "0.1.1",
        "inspect-custom-symbol": "1.1.0",
        "lodash.flattendeep": "4.4.0",
        "lodash.zip": "4.2.0"
      }
    },
    "any-shell-escape": {
      "version": "0.1.1",
      "resolved": "https://registry.npmjs.org/any-shell-escape/-/any-shell-escape-0.1.1.tgz",
      "integrity": "sha1-1Vq5ciRMcaml4asIefML8RCAaVk="
    },
    "deep-equal": {
      "version": "1.0.1",
      "resolved": "https://registry.npmjs.org/deep-equal/-/deep-equal-1.0.1.tgz",
      "integrity": "sha1-9dJgKStmDghO/0zbyfCK0yR0SLU=",
      "dev": true
    },
    "inspect-custom-symbol": {
      "version": "1.1.0",
      "resolved": "https://registry.npmjs.org/inspect-custom-symbol/-/inspect-custom-symbol-1.1.0.tgz",
      "integrity": "sha512-vtI2YXBRZBkU6DlfHfd0GtZENfiEiTacAXUd0ZY6HA+X7aPznpFfPmzSC+tHKXAkz9KDSdI4AYfwAMXR5t+isg=="
    },
    "lodash.flattendeep": {
      "version": "4.4.0",
      "resolved": "https://registry.npmjs.org/lodash.flattendeep/-/lodash.flattendeep-4.4.0.tgz",
      "integrity": "sha1-+wMJF/hqMTTlvJvsDWngAT3f7bI="
    },
    "lodash.zip": {
      "version": "4.2.0",
      "resolved": "https://registry.npmjs.org/lodash.zip/-/lodash.zip-4.2.0.tgz",
      "integrity": "sha1-7GZi5IlkCO1KtsVCo5kLcswIACA="
    },
    "zora": {
      "version": "2.0.1",
      "resolved": "https://registry.npmjs.org/zora/-/zora-2.0.1.tgz",
      "integrity": "sha512-BHq+KJR3HZLZXU7MDMzAF69cKC6I1EiVzlS3/gFia61FsFx4dbwb3PP9r2q83Kalk5Z65oe+yqvWmqKnuWbp7Q==",
      "dev": true,
      "requires": {
        "deep-equal": "1.0.1"
      }
    }
  }
}
